
Microsoft Visual Studio Solution File, Format Version 12.00
# Visual Studio Version 17
VisualStudioVersion = 17.5.33530.505
MinimumVisualStudioVersion = 10.0.40219.1
Project("{FAE04EC0-301F-11D3-BF4B-00C04F79EFBC}") = "APIUsers7.0", "APIUsers7.0.csproj", "{68B06575-EA3C-48E7-AB04-3B39D4944456}"
EndProject
Global
	GlobalSection(SolutionConfigurationPlatforms) = preSolution
		Debug|Any CPU = Debug|Any CPU
		Release|Any CPU = Release|Any CPU
	EndGlobalSection
	GlobalSection(ProjectConfigurationPlatforms) = postSolution
		{68B06575-EA3C-48E7-AB04-3B39D4944456}.Debug|Any CPU.ActiveCfg = Debug|Any CPU
		{68B06575-EA3C-48E7-AB04-3B39D4944456}.Debug|Any CPU.Build.0 = Debug|Any CPU
		{68B06575-EA3C-48E7-AB04-3B39D4944456}.Release|Any CPU.ActiveCfg = Release|Any CPU
		{68B06575-EA3C-48E7-AB04-3B39D4944456}.Release|Any CPU.Build.0 = Release|Any CPU
	EndGlobalSection
	GlobalSection(SolutionProperties) = preSolution
		HideSolutionNode = FALSE
	EndGlobalSection
	GlobalSection(ExtensibilityGlobals) = postSolution
		SolutionGuid = {E68CEBC7-C0F7-4FB2-B798-CBB5637F236D}
	EndGlobalSection
EndGlobal
