Microsoft Visual Studio Solution File, Format Version 12.00
# Visual Studio Version 17
VisualStudioVersion = 17.5.2.0
MinimumVisualStudioVersion = 10.0.40219.1
Project("{FAE04EC0-301F-11D3-BF4B-00C04F79EFBC}") = "ProductApi", "ProductApi.csproj", "{E66489BC-4E1A-728F-00B0-C403EBB5F80B}"
EndProject
Global
	GlobalSection(SolutionConfigurationPlatforms) = preSolution
		Debug|Any CPU = Debug|Any CPU
		Release|Any CPU = Release|Any CPU
	EndGlobalSection
	GlobalSection(ProjectConfigurationPlatforms) = postSolution
		{E66489BC-4E1A-728F-00B0-C403EBB5F80B}.Debug|Any CPU.ActiveCfg = Debug|Any CPU
		{E66489BC-4E1A-728F-00B0-C403EBB5F80B}.Debug|Any CPU.Build.0 = Debug|Any CPU
		{E66489BC-4E1A-728F-00B0-C403EBB5F80B}.Release|Any CPU.ActiveCfg = Release|Any CPU
		{E66489BC-4E1A-728F-00B0-C403EBB5F80B}.Release|Any CPU.Build.0 = Release|Any CPU
	EndGlobalSection
	GlobalSection(SolutionProperties) = preSolution
		HideSolutionNode = FALSE
	EndGlobalSection
	GlobalSection(ExtensibilityGlobals) = postSolution
		SolutionGuid = {2DB70550-C224-4F44-A8F6-1AB945CFE4E8}
	EndGlobalSection
EndGlobal
