
Microsoft Visual Studio Solution File, Format Version 12.00
# Visual Studio Version 17
VisualStudioVersion = 17.8.34408.163
MinimumVisualStudioVersion = 10.0.40219.1
Project("{FAE04EC0-301F-11D3-BF4B-00C04F79EFBC}") = "MangaAPIEFCF", "MangaAPIEFCF.csproj", "{34E04356-3C51-48A5-BD02-EBD926ADC34B}"
EndProject
Global
	GlobalSection(SolutionConfigurationPlatforms) = preSolution
		Debug|Any CPU = Debug|Any CPU
		Release|Any CPU = Release|Any CPU
	EndGlobalSection
	GlobalSection(ProjectConfigurationPlatforms) = postSolution
		{34E04356-3C51-48A5-BD02-EBD926ADC34B}.Debug|Any CPU.ActiveCfg = Debug|Any CPU
		{34E04356-3C51-48A5-BD02-EBD926ADC34B}.Debug|Any CPU.Build.0 = Debug|Any CPU
		{34E04356-3C51-48A5-BD02-EBD926ADC34B}.Release|Any CPU.ActiveCfg = Release|Any CPU
		{34E04356-3C51-48A5-BD02-EBD926ADC34B}.Release|Any CPU.Build.0 = Release|Any CPU
	EndGlobalSection
	GlobalSection(SolutionProperties) = preSolution
		HideSolutionNode = FALSE
	EndGlobalSection
	GlobalSection(ExtensibilityGlobals) = postSolution
		SolutionGuid = {3B928F21-F7CF-444F-9E02-8074FD786DAC}
	EndGlobalSection
EndGlobal
